
Microsoft Visual Studio Solution File, Format Version 12.00
# Visual Studio Version 17
VisualStudioVersion = 17.9.34714.143
MinimumVisualStudioVersion = 10.0.40219.1
Project("{FAE04EC0-301F-11D3-BF4B-00C04F79EFBC}") = "ConsoleApp3", "ConsoleApp3.csproj", "{57F8A0C4-6827-4058-A543-86F8E3CA3EF4}"
EndProject
Global
	GlobalSection(SolutionConfigurationPlatforms) = preSolution
		Debug|Any CPU = Debug|Any CPU
		Release|Any CPU = Release|Any CPU
	EndGlobalSection
	GlobalSection(ProjectConfigurationPlatforms) = postSolution
		{57F8A0C4-6827-4058-A543-86F8E3CA3EF4}.Debug|Any CPU.ActiveCfg = Debug|Any CPU
		{57F8A0C4-6827-4058-A543-86F8E3CA3EF4}.Debug|Any CPU.Build.0 = Debug|Any CPU
		{57F8A0C4-6827-4058-A543-86F8E3CA3EF4}.Release|Any CPU.ActiveCfg = Release|Any CPU
		{57F8A0C4-6827-4058-A543-86F8E3CA3EF4}.Release|Any CPU.Build.0 = Release|Any CPU
	EndGlobalSection
	GlobalSection(SolutionProperties) = preSolution
		HideSolutionNode = FALSE
	EndGlobalSection
	GlobalSection(ExtensibilityGlobals) = postSolution
		SolutionGuid = {BE56FC76-FA52-49BE-9971-11F37D13BAC3}
	EndGlobalSection
EndGlobal
